
Microsoft Visual Studio Solution File, Format Version 12.00
# Visual Studio Version 17
VisualStudioVersion = 17.2.32602.215
MinimumVisualStudioVersion = 10.0.40219.1
Project("{FAE04EC0-301F-11D3-BF4B-00C04F79EFBC}") = "ConsoleApp2", "ConsoleApp2.csproj", "{31716E39-E29E-48CB-B2D2-D74DCF59A666}"
EndProject
Global
	GlobalSection(SolutionConfigurationPlatforms) = preSolution
		Debug|Any CPU = Debug|Any CPU
		Release|Any CPU = Release|Any CPU
	EndGlobalSection
	GlobalSection(ProjectConfigurationPlatforms) = postSolution
		{31716E39-E29E-48CB-B2D2-D74DCF59A666}.Debug|Any CPU.ActiveCfg = Debug|Any CPU
		{31716E39-E29E-48CB-B2D2-D74DCF59A666}.Debug|Any CPU.Build.0 = Debug|Any CPU
		{31716E39-E29E-48CB-B2D2-D74DCF59A666}.Release|Any CPU.ActiveCfg = Release|Any CPU
		{31716E39-E29E-48CB-B2D2-D74DCF59A666}.Release|Any CPU.Build.0 = Release|Any CPU
	EndGlobalSection
	GlobalSection(SolutionProperties) = preSolution
		HideSolutionNode = FALSE
	EndGlobalSection
	GlobalSection(ExtensibilityGlobals) = postSolution
		SolutionGuid = {849AC5AA-92CA-41D8-92FC-ACC251D464B6}
	EndGlobalSection
EndGlobal
